
Microsoft Visual Studio Solution File, Format Version 12.00
Project("{F2A71F9B-5D33-465A-A702-920D77279786}") = "Puzzles", "Puzzles\Puzzles.fsproj", "{F381FDD9-F665-4E43-97BD-0FEEFD5E307E}"
EndProject
Global
	GlobalSection(SolutionConfigurationPlatforms) = preSolution
		Debug|Any CPU = Debug|Any CPU
		Release|Any CPU = Release|Any CPU
	EndGlobalSection
	GlobalSection(ProjectConfigurationPlatforms) = postSolution
		{F381FDD9-F665-4E43-97BD-0FEEFD5E307E}.Debug|Any CPU.ActiveCfg = Debug|Any CPU
		{F381FDD9-F665-4E43-97BD-0FEEFD5E307E}.Debug|Any CPU.Build.0 = Debug|Any CPU
		{F381FDD9-F665-4E43-97BD-0FEEFD5E307E}.Release|Any CPU.ActiveCfg = Release|Any CPU
		{F381FDD9-F665-4E43-97BD-0FEEFD5E307E}.Release|Any CPU.Build.0 = Release|Any CPU
	EndGlobalSection
EndGlobal
